
Microsoft Visual Studio Solution File, Format Version 12.00
# Visual Studio 15
VisualStudioVersion = 15.0.26730.12
MinimumVisualStudioVersion = 10.0.40219.1
Project("{FAE04EC0-301F-11D3-BF4B-00C04F79EFBC}") = "ProbabilitySerieChecker", "ProbabilitySerieChecker\ProbabilitySerieChecker.csproj", "{FB827B52-4864-4E69-833B-B398E163230D}"
EndProject
Global
	GlobalSection(SolutionConfigurationPlatforms) = preSolution
		Debug|Any CPU = Debug|Any CPU
		Release|Any CPU = Release|Any CPU
	EndGlobalSection
	GlobalSection(ProjectConfigurationPlatforms) = postSolution
		{FB827B52-4864-4E69-833B-B398E163230D}.Debug|Any CPU.ActiveCfg = Debug|Any CPU
		{FB827B52-4864-4E69-833B-B398E163230D}.Debug|Any CPU.Build.0 = Debug|Any CPU
		{FB827B52-4864-4E69-833B-B398E163230D}.Release|Any CPU.ActiveCfg = Release|Any CPU
		{FB827B52-4864-4E69-833B-B398E163230D}.Release|Any CPU.Build.0 = Release|Any CPU
	EndGlobalSection
	GlobalSection(SolutionProperties) = preSolution
		HideSolutionNode = FALSE
	EndGlobalSection
	GlobalSection(ExtensibilityGlobals) = postSolution
		SolutionGuid = {D03E8E5A-C3AB-40DB-90FC-839669F4883B}
	EndGlobalSection
EndGlobal
